PODS:
  - Bolts (1.8.4):
    - Bolts/AppLinks (= 1.8.4)
    - Bolts/Tasks (= 1.8.4)
  - Bolts/AppLinks (1.8.4):
    - Bolts/Tasks
  - Bolts/Tasks (1.8.4)
  - FacebookCore (0.3.0):
    - Bolts (~> 1.8)
    - FBSDKCoreKit (~> 4.27)
  - FacebookLogin (0.3.0):
    - Bolts (~> 1.8)
    - FacebookCore (~> 0.3)
    - FBSDKCoreKit (~> 4.27)
    - FBSDKLoginKit (~> 4.27)
  - FacebookShare (0.3.0):
    - Bolts (~> 1.8)
    - FacebookCore (~> 0.3)
    - FBSDKCoreKit (~> 4.27)
    - FBSDKShareKit (~> 4.27)
  - FBSDKCoreKit (4.29.0):
    - Bolts (~> 1.7)
  - FBSDKLoginKit (4.29.0):
    - FBSDKCoreKit
  - FBSDKShareKit (4.29.0):
    - FBSDKCoreKit
  - NVActivityIndicatorView (4.0.1):
    - NVActivityIndicatorView/Presenter (= 4.0.1)
  - NVActivityIndicatorView/Presenter (4.0.1)
  - Socket.IO-Client-Swift (12.1.3):
    - Starscream (~> 2.1.1)
  - Starscream (2.1.1)
  - TwitterCore (3.0.3)
  - TwitterKit (3.2.2):
    - TwitterCore (>= 3.0.3)
  - Weibo_SDK (3.2.3)

DEPENDENCIES:
  - FacebookCore
  - FacebookLogin
  - FacebookShare
  - NVActivityIndicatorView
  - Socket.IO-Client-Swift (~> 12)
  - TwitterKit
  - Weibo_SDK (from `https://github.com/sinaweibosdk/weibo_ios_sdk.git`)

EXTERNAL SOURCES:
  Weibo_SDK:
    :git: https://github.com/sinaweibosdk/weibo_ios_sdk.git

CHECKOUT OPTIONS:
  Weibo_SDK:
    :commit: f5b138320aefe0ed20b76b8510521432f1a6c9ac
    :git: https://github.com/sinaweibosdk/weibo_ios_sdk.git

SPEC CHECKSUMS:
  Bolts: 8a7995239dbe724f9cba2248b766d48b7ebdd322
  FacebookCore: 3ffa190a3f1f96cec0e44d3fc221bc322c595ffa
  FacebookLogin: 0af839ea858faef99550d16596b87b4a8e8906e6
  FacebookShare: 0469964297ebd75f052be2c5083389a4208e82b7
  FBSDKCoreKit: 6f139173dc63a1deaff4430a55f2fe5bb222d2af
  FBSDKLoginKit: 56a057ca6822535ea0faa25f57a7c41edb697fd4
  FBSDKShareKit: 18a2cd118aef11dd657fe7e8b64bae5c719088b2
  NVActivityIndicatorView: 77ed6d7b571643e24899e7858bf9ae2ee4c21f31
  Socket.IO-Client-Swift: 2d3838d0e7bc105626872081fb6a23141145e8f8
  Starscream: 142bd8ef24592d985daee9fa48c936070b85b15f
  TwitterCore: 549c74ed5f3d6134392dc944c6d215e233e50ad8
  TwitterKit: b9feccfc70bef86fe389c06a63a72fed9f020b9c
  Weibo_SDK: 652ca78c2f7147a5de5e75e7cbea89838a81772a

PODFILE CHECKSUM: 90369caef24c2de6dcb2b328c7127d8a0bf643a2

COCOAPODS: 1.3.1
