// !$*UTF8*$!
{
	archiveVersion = 1;
	classes = {
	};
	objectVersion = 48;
	objects = {

/* Begin PBXBuildFile section */
		2ECB0BD5E12FAF9F5075A74F /* Pods_WhatToEat.framework in Frameworks */ = {isa = PBXBuildFile; fileRef = E53400A814E8486C331654B9 /* Pods_WhatToEat.framework */; };
		495652EB1FD3F5D500E27833 /* Cache.swift in Sources */ = {isa = PBXBuildFile; fileRef = 495652D41FD3F5D500E27833 /* Cache.swift */; };
		495652EC1FD3F5D500E27833 /* CGSize+Swift.swift in Sources */ = {isa = PBXBuildFile; fileRef = 495652D51FD3F5D500E27833 /* CGSize+Swift.swift */; };
		495652ED1FD3F5D500E27833 /* CryptoSwiftMD5.swift in Sources */ = {isa = PBXBuildFile; fileRef = 495652D61FD3F5D500E27833 /* CryptoSwiftMD5.swift */; };
		495652EE1FD3F5D500E27833 /* Data.swift in Sources */ = {isa = PBXBuildFile; fileRef = 495652D71FD3F5D500E27833 /* Data.swift */; };
		495652EF1FD3F5D500E27833 /* DiskCache.swift in Sources */ = {isa = PBXBuildFile; fileRef = 495652D81FD3F5D500E27833 /* DiskCache.swift */; };
		495652F01FD3F5D500E27833 /* DiskFetcher.swift in Sources */ = {isa = PBXBuildFile; fileRef = 495652D91FD3F5D500E27833 /* DiskFetcher.swift */; };
		495652F11FD3F5D500E27833 /* Fetch.swift in Sources */ = {isa = PBXBuildFile; fileRef = 495652DA1FD3F5D500E27833 /* Fetch.swift */; };
		495652F21FD3F5D500E27833 /* Fetcher.swift in Sources */ = {isa = PBXBuildFile; fileRef = 495652DB1FD3F5D500E27833 /* Fetcher.swift */; };
		495652F31FD3F5D500E27833 /* Format.swift in Sources */ = {isa = PBXBuildFile; fileRef = 495652DC1FD3F5D500E27833 /* Format.swift */; };
		495652F41FD3F5D500E27833 /* Haneke.swift in Sources */ = {isa = PBXBuildFile; fileRef = 495652DE1FD3F5D500E27833 /* Haneke.swift */; };
		495652F51FD3F5D500E27833 /* Info-iOS.plist in Resources */ = {isa = PBXBuildFile; fileRef = 495652DF1FD3F5D500E27833 /* Info-iOS.plist */; };
		495652F61FD3F5D500E27833 /* Info-tvOS.plist in Resources */ = {isa = PBXBuildFile; fileRef = 495652E01FD3F5D500E27833 /* Info-tvOS.plist */; };
		495652F71FD3F5D500E27833 /* Log.swift in Sources */ = {isa = PBXBuildFile; fileRef = 495652E11FD3F5D500E27833 /* Log.swift */; };
		495652F81FD3F5D500E27833 /* NetworkFetcher.swift in Sources */ = {isa = PBXBuildFile; fileRef = 495652E21FD3F5D500E27833 /* NetworkFetcher.swift */; };
		495652F91FD3F5D500E27833 /* NSFileManager+Haneke.swift in Sources */ = {isa = PBXBuildFile; fileRef = 495652E31FD3F5D500E27833 /* NSFileManager+Haneke.swift */; };
		495652FA1FD3F5D500E27833 /* NSHTTPURLResponse+Haneke.swift in Sources */ = {isa = PBXBuildFile; fileRef = 495652E41FD3F5D500E27833 /* NSHTTPURLResponse+Haneke.swift */; };
		495652FB1FD3F5D500E27833 /* NSURLResponse+Haneke.swift in Sources */ = {isa = PBXBuildFile; fileRef = 495652E51FD3F5D500E27833 /* NSURLResponse+Haneke.swift */; };
		495652FC1FD3F5D500E27833 /* String+Haneke.swift in Sources */ = {isa = PBXBuildFile; fileRef = 495652E61FD3F5D500E27833 /* String+Haneke.swift */; };
		495652FD1FD3F5D500E27833 /* UIButton+Haneke.swift in Sources */ = {isa = PBXBuildFile; fileRef = 495652E71FD3F5D500E27833 /* UIButton+Haneke.swift */; };
		495652FE1FD3F5D500E27833 /* UIImage+Haneke.swift in Sources */ = {isa = PBXBuildFile; fileRef = 495652E81FD3F5D500E27833 /* UIImage+Haneke.swift */; };
		495652FF1FD3F5D500E27833 /* UIImageView+Haneke.swift in Sources */ = {isa = PBXBuildFile; fileRef = 495652E91FD3F5D500E27833 /* UIImageView+Haneke.swift */; };
		495653001FD3F5D500E27833 /* UIView+Haneke.swift in Sources */ = {isa = PBXBuildFile; fileRef = 495652EA1FD3F5D500E27833 /* UIView+Haneke.swift */; };
		498C3D611FCCA5C300D1108D /* MainViewController.swift in Sources */ = {isa = PBXBuildFile; fileRef = 498C3D601FCCA5C300D1108D /* MainViewController.swift */; };
		498C3D631FCCA64700D1108D /* PreviewListViewController.swift in Sources */ = {isa = PBXBuildFile; fileRef = 498C3D621FCCA64700D1108D /* PreviewListViewController.swift */; };
		498C3D651FCE4BF200D1108D /* FoundViewController.swift in Sources */ = {isa = PBXBuildFile; fileRef = 498C3D641FCE4BF200D1108D /* FoundViewController.swift */; };
		498C3D671FCE58F600D1108D /* SettingTableViewController.swift in Sources */ = {isa = PBXBuildFile; fileRef = 498C3D661FCE58F600D1108D /* SettingTableViewController.swift */; };
		498C3D691FCF3F4600D1108D /* MomentsViewController.swift in Sources */ = {isa = PBXBuildFile; fileRef = 498C3D681FCF3F4500D1108D /* MomentsViewController.swift */; };
		498C3D6B1FCF41DE00D1108D /* PingLunFun.swift in Sources */ = {isa = PBXBuildFile; fileRef = 498C3D6A1FCF41DE00D1108D /* PingLunFun.swift */; };
		498C3D6D1FCF43F500D1108D /* extention.swift in Sources */ = {isa = PBXBuildFile; fileRef = 498C3D6C1FCF43F500D1108D /* extention.swift */; };
		498C3D6F1FCF48C400D1108D /* MomentData.swift in Sources */ = {isa = PBXBuildFile; fileRef = 498C3D6E1FCF48C400D1108D /* MomentData.swift */; };
		498C3D711FCF493800D1108D /* CommentView.swift in Sources */ = {isa = PBXBuildFile; fileRef = 498C3D701FCF493800D1108D /* CommentView.swift */; };
		498C3D731FCF4A9A00D1108D /* MomentsTableViewCell.swift in Sources */ = {isa = PBXBuildFile; fileRef = 498C3D721FCF4A9A00D1108D /* MomentsTableViewCell.swift */; };
		498C3D751FCF4B1900D1108D /* CommentLikeView.swift in Sources */ = {isa = PBXBuildFile; fileRef = 498C3D741FCF4B1900D1108D /* CommentLikeView.swift */; };
		498C3D771FCF621A00D1108D /* Menu.swift in Sources */ = {isa = PBXBuildFile; fileRef = 498C3D761FCF621A00D1108D /* Menu.swift */; };
		498C40531FCFA20500D1108D /* DisplayView.swift in Sources */ = {isa = PBXBuildFile; fileRef = 498C40521FCFA20500D1108D /* DisplayView.swift */; };
		498C41D81FD0C64C00D1108D /* FinishViewController.swift in Sources */ = {isa = PBXBuildFile; fileRef = 498C41D71FD0C64C00D1108D /* FinishViewController.swift */; };
		499313EA1FB0E40F0048EE36 /* AppDelegate.swift in Sources */ = {isa = PBXBuildFile; fileRef = 499313E91FB0E40F0048EE36 /* AppDelegate.swift */; };
		499313EC1FB0E40F0048EE36 /* ViewController.swift in Sources */ = {isa = PBXBuildFile; fileRef = 499313EB1FB0E40F0048EE36 /* ViewController.swift */; };
		499313EF1FB0E40F0048EE36 /* Main.storyboard in Resources */ = {isa = PBXBuildFile; fileRef = 499313ED1FB0E40F0048EE36 /* Main.storyboard */; };
		499313F11FB0E40F0048EE36 /* Assets.xcassets in Resources */ = {isa = PBXBuildFile; fileRef = 499313F01FB0E40F0048EE36 /* Assets.xcassets */; };
		499313F41FB0E40F0048EE36 /* LaunchScreen.storyboard in Resources */ = {isa = PBXBuildFile; fileRef = 499313F21FB0E40F0048EE36 /* LaunchScreen.storyboard */; };
		49A1F9F71FD8DE70006DA131 /* AddViewController.swift in Sources */ = {isa = PBXBuildFile; fileRef = 49A1F9F61FD8DE70006DA131 /* AddViewController.swift */; };
		49A1F9F91FD91927006DA131 /* AddContainerViewController.swift in Sources */ = {isa = PBXBuildFile; fileRef = 49A1F9F81FD91927006DA131 /* AddContainerViewController.swift */; };
		49B4FFE61FD9B4EA00FAD007 /* HistoryViewController.swift in Sources */ = {isa = PBXBuildFile; fileRef = 49B4FFE51FD9B4EA00FAD007 /* HistoryViewController.swift */; };
		49F573041FC6B82700E55E3B /* RestaurantListCell.swift in Sources */ = {isa = PBXBuildFile; fileRef = 49F573031FC6B82700E55E3B /* RestaurantListCell.swift */; };
		CC8641961FD3FB58004D79C5 /* RestaurantTableViewController.swift in Sources */ = {isa = PBXBuildFile; fileRef = CC8641951FD3FB58004D79C5 /* RestaurantTableViewController.swift */; };
		CCFB0AE91FD4CAE300A0FA23 /* LaunchScreenViewController.swift in Sources */ = {isa = PBXBuildFile; fileRef = CCFB0AE81FD4CAE300A0FA23 /* LaunchScreenViewController.swift */; };
		DFEECE981FDFAFD300B34B18 /* HistoryTableViewCell.swift in Sources */ = {isa = PBXBuildFile; fileRef = DFEECE971FDFAFD300B34B18 /* HistoryTableViewCell.swift */; };
		FC1CB8B21FDD17E2006B54C1 /* EditListViewController.swift in Sources */ = {isa = PBXBuildFile; fileRef = FC1CB8B11FDD17E2006B54C1 /* EditListViewController.swift */; };
		FC3EE6A41FE0C339008B0903 /* loginTableViewCell.swift in Sources */ = {isa = PBXBuildFile; fileRef = FC3EE6A31FE0C339008B0903 /* loginTableViewCell.swift */; };
		FC82D8171FDE4DEC00DCB22A /* NewMomentViewController.swift in Sources */ = {isa = PBXBuildFile; fileRef = FC82D8161FDE4DEC00DCB22A /* NewMomentViewController.swift */; };
		FC82D8351FDE5CBC00DCB22A /* RestListDAO.swift in Sources */ = {isa = PBXBuildFile; fileRef = FC82D82C1FDE5CBA00DCB22A /* RestListDAO.swift */; };
		FC82D8361FDE5CBC00DCB22A /* Address.swift in Sources */ = {isa = PBXBuildFile; fileRef = FC82D82D1FDE5CBA00DCB22A /* Address.swift */; };
		FC82D8371FDE5CBC00DCB22A /* WhatToEatCompleteRestList.swift in Sources */ = {isa = PBXBuildFile; fileRef = FC82D82E1FDE5CBA00DCB22A /* WhatToEatCompleteRestList.swift */; };
		FC82D8381FDE5CBC00DCB22A /* OneEat.swift in Sources */ = {isa = PBXBuildFile; fileRef = FC82D82F1FDE5CBA00DCB22A /* OneEat.swift */; };
		FC82D8391FDE5CBC00DCB22A /* Coordinate.swift in Sources */ = {isa = PBXBuildFile; fileRef = FC82D8301FDE5CBB00DCB22A /* Coordinate.swift */; };
		FC82D83A1FDE5CBC00DCB22A /* Common.swift in Sources */ = {isa = PBXBuildFile; fileRef = FC82D8311FDE5CBB00DCB22A /* Common.swift */; };
		FC82D83B1FDE5CBC00DCB22A /* Restaurant.swift in Sources */ = {isa = PBXBuildFile; fileRef = FC82D8321FDE5CBB00DCB22A /* Restaurant.swift */; };
		FC82D83C1FDE5CBC00DCB22A /* RestList.swift in Sources */ = {isa = PBXBuildFile; fileRef = FC82D8331FDE5CBB00DCB22A /* RestList.swift */; };
		FC82D83D1FDE5CBC00DCB22A /* History.swift in Sources */ = {isa = PBXBuildFile; fileRef = FC82D8341FDE5CBC00DCB22A /* History.swift */; };
		FC82D83F1FDE646500DCB22A /* AddToListViewController.swift in Sources */ = {isa = PBXBuildFile; fileRef = FC82D83E1FDE646500DCB22A /* AddToListViewController.swift */; };
		FC82D8421FDE6D4400DCB22A /* AddToListTableViewCell.swift in Sources */ = {isa = PBXBuildFile; fileRef = FC82D8411FDE6D4400DCB22A /* AddToListTableViewCell.swift */; };
		FC82D8441FDF518600DCB22A /* EditRestViewController.swift in Sources */ = {isa = PBXBuildFile; fileRef = FC82D8431FDF518600DCB22A /* EditRestViewController.swift */; };
/* End PBXBuildFile section */

/* Begin PBXFileReference section */
		495652D41FD3F5D500E27833 /* Cache.swift */ = {isa = PBXFileReference; fileEncoding = 4; lastKnownFileType = sourcecode.swift; path = Cache.swift; sourceTree = "<group>"; };
		495652D51FD3F5D500E27833 /* CGSize+Swift.swift */ = {isa = PBXFileReference; fileEncoding = 4; lastKnownFileType = sourcecode.swift; path = "CGSize+Swift.swift"; sourceTree = "<group>"; };
		495652D61FD3F5D500E27833 /* CryptoSwiftMD5.swift */ = {isa = PBXFileReference; fileEncoding = 4; lastKnownFileType = sourcecode.swift; path = CryptoSwiftMD5.swift; sourceTree = "<group>"; };
		495652D71FD3F5D500E27833 /* Data.swift */ = {isa = PBXFileReference; fileEncoding = 4; lastKnownFileType = sourcecode.swift; path = Data.swift; sourceTree = "<group>"; };
		495652D81FD3F5D500E27833 /* DiskCache.swift */ = {isa = PBXFileReference; fileEncoding = 4; lastKnownFileType = sourcecode.swift; path = DiskCache.swift; sourceTree = "<group>"; };
		495652D91FD3F5D500E27833 /* DiskFetcher.swift */ = {isa = PBXFileReference; fileEncoding = 4; lastKnownFileType = sourcecode.swift; path = DiskFetcher.swift; sourceTree = "<group>"; };
		495652DA1FD3F5D500E27833 /* Fetch.swift */ = {isa = PBXFileReference; fileEncoding = 4; lastKnownFileType = sourcecode.swift; path = Fetch.swift; sourceTree = "<group>"; };
		495652DB1FD3F5D500E27833 /* Fetcher.swift */ = {isa = PBXFileReference; fileEncoding = 4; lastKnownFileType = sourcecode.swift; path = Fetcher.swift; sourceTree = "<group>"; };
		495652DC1FD3F5D500E27833 /* Format.swift */ = {isa = PBXFileReference; fileEncoding = 4; lastKnownFileType = sourcecode.swift; path = Format.swift; sourceTree = "<group>"; };
		495652DD1FD3F5D500E27833 /* Haneke.h */ = {isa = PBXFileReference; fileEncoding = 4; lastKnownFileType = sourcecode.c.h; path = Haneke.h; sourceTree = "<group>"; };
		495652DE1FD3F5D500E27833 /* Haneke.swift */ = {isa = PBXFileReference; fileEncoding = 4; lastKnownFileType = sourcecode.swift; path = Haneke.swift; sourceTree = "<group>"; };
		495652DF1FD3F5D500E27833 /* Info-iOS.plist */ = {isa = PBXFileReference; fileEncoding = 4; lastKnownFileType = text.plist.xml; path = "Info-iOS.plist"; sourceTree = "<group>"; };
		495652E01FD3F5D500E27833 /* Info-tvOS.plist */ = {isa = PBXFileReference; fileEncoding = 4; lastKnownFileType = text.plist.xml; path = "Info-tvOS.plist"; sourceTree = "<group>"; };
		495652E11FD3F5D500E27833 /* Log.swift */ = {isa = PBXFileReference; fileEncoding = 4; lastKnownFileType = sourcecode.swift; path = Log.swift; sourceTree = "<group>"; };
		495652E21FD3F5D500E27833 /* NetworkFetcher.swift */ = {isa = PBXFileReference; fileEncoding = 4; lastKnownFileType = sourcecode.swift; path = NetworkFetcher.swift; sourceTree = "<group>"; };
		495652E31FD3F5D500E27833 /* NSFileManager+Haneke.swift */ = {isa = PBXFileReference; fileEncoding = 4; lastKnownFileType = sourcecode.swift; path = "NSFileManager+Haneke.swift"; sourceTree = "<group>"; };
		495652E41FD3F5D500E27833 /* NSHTTPURLResponse+Haneke.swift */ = {isa = PBXFileReference; fileEncoding = 4; lastKnownFileType = sourcecode.swift; path = "NSHTTPURLResponse+Haneke.swift"; sourceTree = "<group>"; };
		495652E51FD3F5D500E27833 /* NSURLResponse+Haneke.swift */ = {isa = PBXFileReference; fileEncoding = 4; lastKnownFileType = sourcecode.swift; path = "NSURLResponse+Haneke.swift"; sourceTree = "<group>"; };
		495652E61FD3F5D500E27833 /* String+Haneke.swift */ = {isa = PBXFileReference; fileEncoding = 4; lastKnownFileType = sourcecode.swift; path = "String+Haneke.swift"; sourceTree = "<group>"; };
		495652E71FD3F5D500E27833 /* UIButton+Haneke.swift */ = {isa = PBXFileReference; fileEncoding = 4; lastKnownFileType = sourcecode.swift; path = "UIButton+Haneke.swift"; sourceTree = "<group>"; };
		495652E81FD3F5D500E27833 /* UIImage+Haneke.swift */ = {isa = PBXFileReference; fileEncoding = 4; lastKnownFileType = sourcecode.swift; path = "UIImage+Haneke.swift"; sourceTree = "<group>"; };
		495652E91FD3F5D500E27833 /* UIImageView+Haneke.swift */ = {isa = PBXFileReference; fileEncoding = 4; lastKnownFileType = sourcecode.swift; path = "UIImageView+Haneke.swift"; sourceTree = "<group>"; };
		495652EA1FD3F5D500E27833 /* UIView+Haneke.swift */ = {isa = PBXFileReference; fileEncoding = 4; lastKnownFileType = sourcecode.swift; path = "UIView+Haneke.swift"; sourceTree = "<group>"; };
		498C3D601FCCA5C300D1108D /* MainViewController.swift */ = {isa = PBXFileReference; lastKnownFileType = sourcecode.swift; path = MainViewController.swift; sourceTree = "<group>"; };
		498C3D621FCCA64700D1108D /* PreviewListViewController.swift */ = {isa = PBXFileReference; lastKnownFileType = sourcecode.swift; path = PreviewListViewController.swift; sourceTree = "<group>"; };
		498C3D641FCE4BF200D1108D /* FoundViewController.swift */ = {isa = PBXFileReference; lastKnownFileType = sourcecode.swift; path = FoundViewController.swift; sourceTree = "<group>"; };
		498C3D661FCE58F600D1108D /* SettingTableViewController.swift */ = {isa = PBXFileReference; lastKnownFileType = sourcecode.swift; path = SettingTableViewController.swift; sourceTree = "<group>"; };
		498C3D681FCF3F4500D1108D /* MomentsViewController.swift */ = {isa = PBXFileReference; lastKnownFileType = sourcecode.swift; path = MomentsViewController.swift; sourceTree = "<group>"; };
		498C3D6A1FCF41DE00D1108D /* PingLunFun.swift */ = {isa = PBXFileReference; lastKnownFileType = sourcecode.swift; path = PingLunFun.swift; sourceTree = "<group>"; };
		498C3D6C1FCF43F500D1108D /* extention.swift */ = {isa = PBXFileReference; lastKnownFileType = sourcecode.swift; path = extention.swift; sourceTree = "<group>"; };
		498C3D6E1FCF48C400D1108D /* MomentData.swift */ = {isa = PBXFileReference; lastKnownFileType = sourcecode.swift; path = MomentData.swift; sourceTree = "<group>"; };
		498C3D701FCF493800D1108D /* CommentView.swift */ = {isa = PBXFileReference; lastKnownFileType = sourcecode.swift; path = CommentView.swift; sourceTree = "<group>"; };
		498C3D721FCF4A9A00D1108D /* MomentsTableViewCell.swift */ = {isa = PBXFileReference; lastKnownFileType = sourcecode.swift; path = MomentsTableViewCell.swift; sourceTree = "<group>"; };
		498C3D741FCF4B1900D1108D /* CommentLikeView.swift */ = {isa = PBXFileReference; lastKnownFileType = sourcecode.swift; path = CommentLikeView.swift; sourceTree = "<group>"; };
		498C3D761FCF621A00D1108D /* Menu.swift */ = {isa = PBXFileReference; lastKnownFileType = sourcecode.swift; path = Menu.swift; sourceTree = "<group>"; };
		498C40521FCFA20500D1108D /* DisplayView.swift */ = {isa = PBXFileReference; fileEncoding = 4; lastKnownFileType = sourcecode.swift; path = DisplayView.swift; sourceTree = "<group>"; };
		498C41D71FD0C64C00D1108D /* FinishViewController.swift */ = {isa = PBXFileReference; lastKnownFileType = sourcecode.swift; path = FinishViewController.swift; sourceTree = "<group>"; };
		499313E61FB0E40F0048EE36 /* WhatToEat.app */ = {isa = PBXFileReference; explicitFileType = wrapper.application; includeInIndex = 0; path = WhatToEat.app; sourceTree = BUILT_PRODUCTS_DIR; };
		499313E91FB0E40F0048EE36 /* AppDelegate.swift */ = {isa = PBXFileReference; lastKnownFileType = sourcecode.swift; path = AppDelegate.swift; sourceTree = "<group>"; };
		499313EB1FB0E40F0048EE36 /* ViewController.swift */ = {isa = PBXFileReference; lastKnownFileType = sourcecode.swift; path = ViewController.swift; sourceTree = "<group>"; };
		499313EE1FB0E40F0048EE36 /* Base */ = {isa = PBXFileReference; lastKnownFileType = file.storyboard; name = Base; path = Base.lproj/Main.storyboard; sourceTree = "<group>"; };
		499313F01FB0E40F0048EE36 /* Assets.xcassets */ = {isa = PBXFileReference; lastKnownFileType = folder.assetcatalog; path = Assets.xcassets; sourceTree = "<group>"; };
		499313F31FB0E40F0048EE36 /* Base */ = {isa = PBXFileReference; lastKnownFileType = file.storyboard; name = Base; path = Base.lproj/LaunchScreen.storyboard; sourceTree = "<group>"; };
		499313F51FB0E40F0048EE36 /* Info.plist */ = {isa = PBXFileReference; lastKnownFileType = text.plist.xml; path = Info.plist; sourceTree = "<group>"; };
		49A1F9F61FD8DE70006DA131 /* AddViewController.swift */ = {isa = PBXFileReference; lastKnownFileType = sourcecode.swift; path = AddViewController.swift; sourceTree = "<group>"; };
		49A1F9F81FD91927006DA131 /* AddContainerViewController.swift */ = {isa = PBXFileReference; lastKnownFileType = sourcecode.swift; path = AddContainerViewController.swift; sourceTree = "<group>"; };
		49B4FFE51FD9B4EA00FAD007 /* HistoryViewController.swift */ = {isa = PBXFileReference; lastKnownFileType = sourcecode.swift; path = HistoryViewController.swift; sourceTree = "<group>"; };
		49B9690B1FD5480700D9BD27 /* QuartzCore.framework */ = {isa = PBXFileReference; lastKnownFileType = wrapper.framework; name = QuartzCore.framework; path = System/Library/Frameworks/QuartzCore.framework; sourceTree = SDKROOT; };
		49B9690C1FD5481600D9BD27 /* ImageIO.framework */ = {isa = PBXFileReference; lastKnownFileType = wrapper.framework; name = ImageIO.framework; path = System/Library/Frameworks/ImageIO.framework; sourceTree = SDKROOT; };
		49B9690D1FD5483200D9BD27 /* libsqlite3.tbd */ = {isa = PBXFileReference; lastKnownFileType = "sourcecode.text-based-dylib-definition"; name = libsqlite3.tbd; path = usr/lib/libsqlite3.tbd; sourceTree = SDKROOT; };
		49B9690F1FD5484D00D9BD27 /* SystemConfiguration.framework */ = {isa = PBXFileReference; lastKnownFileType = wrapper.framework; name = SystemConfiguration.framework; path = System/Library/Frameworks/SystemConfiguration.framework; sourceTree = SDKROOT; };
		49B969101FD54AAA00D9BD27 /* WhatToEat-Bridging-Header.h */ = {isa = PBXFileReference; lastKnownFileType = sourcecode.c.h; path = "WhatToEat-Bridging-Header.h"; sourceTree = "<group>"; };
		49F573031FC6B82700E55E3B /* RestaurantListCell.swift */ = {isa = PBXFileReference; lastKnownFileType = sourcecode.swift; path = RestaurantListCell.swift; sourceTree = "<group>"; };
		7FB6E1D473298E72857EAA3B /* Pods-WhatToEat.release.xcconfig */ = {isa = PBXFileReference; includeInIndex = 1; lastKnownFileType = text.xcconfig; name = "Pods-WhatToEat.release.xcconfig"; path = "Pods/Target Support Files/Pods-WhatToEat/Pods-WhatToEat.release.xcconfig"; sourceTree = "<group>"; };
		CC8641951FD3FB58004D79C5 /* RestaurantTableViewController.swift */ = {isa = PBXFileReference; lastKnownFileType = sourcecode.swift; path = RestaurantTableViewController.swift; sourceTree = "<group>"; };
		CCFB0AE81FD4CAE300A0FA23 /* LaunchScreenViewController.swift */ = {isa = PBXFileReference; lastKnownFileType = sourcecode.swift; path = LaunchScreenViewController.swift; sourceTree = "<group>"; };
		DFEECE971FDFAFD300B34B18 /* HistoryTableViewCell.swift */ = {isa = PBXFileReference; lastKnownFileType = sourcecode.swift; path = HistoryTableViewCell.swift; sourceTree = "<group>"; };
		E53400A814E8486C331654B9 /* Pods_WhatToEat.framework */ = {isa = PBXFileReference; explicitFileType = wrapper.framework; includeInIndex = 0; path = Pods_WhatToEat.framework; sourceTree = BUILT_PRODUCTS_DIR; };
		E75E447E18B34E757EBBDBE9 /* Pods-WhatToEat.debug.xcconfig */ = {isa = PBXFileReference; includeInIndex = 1; lastKnownFileType = text.xcconfig; name = "Pods-WhatToEat.debug.xcconfig"; path = "Pods/Target Support Files/Pods-WhatToEat/Pods-WhatToEat.debug.xcconfig"; sourceTree = "<group>"; };
		FC1CB8B11FDD17E2006B54C1 /* EditListViewController.swift */ = {isa = PBXFileReference; lastKnownFileType = sourcecode.swift; path = EditListViewController.swift; sourceTree = "<group>"; };
		FC3EE6A31FE0C339008B0903 /* loginTableViewCell.swift */ = {isa = PBXFileReference; lastKnownFileType = sourcecode.swift; path = loginTableViewCell.swift; sourceTree = "<group>"; };
		FC82D8161FDE4DEC00DCB22A /* NewMomentViewController.swift */ = {isa = PBXFileReference; lastKnownFileType = sourcecode.swift; path = NewMomentViewController.swift; sourceTree = "<group>"; };
		FC82D82C1FDE5CBA00DCB22A /* RestListDAO.swift */ = {isa = PBXFileReference; fileEncoding = 4; lastKnownFileType = sourcecode.swift; path = RestListDAO.swift; sourceTree = "<group>"; };
		FC82D82D1FDE5CBA00DCB22A /* Address.swift */ = {isa = PBXFileReference; fileEncoding = 4; lastKnownFileType = sourcecode.swift; path = Address.swift; sourceTree = "<group>"; };
		FC82D82E1FDE5CBA00DCB22A /* WhatToEatCompleteRestList.swift */ = {isa = PBXFileReference; fileEncoding = 4; lastKnownFileType = sourcecode.swift; path = WhatToEatCompleteRestList.swift; sourceTree = "<group>"; };
		FC82D82F1FDE5CBA00DCB22A /* OneEat.swift */ = {isa = PBXFileReference; fileEncoding = 4; lastKnownFileType = sourcecode.swift; path = OneEat.swift; sourceTree = "<group>"; };
		FC82D8301FDE5CBB00DCB22A /* Coordinate.swift */ = {isa = PBXFileReference; fileEncoding = 4; lastKnownFileType = sourcecode.swift; path = Coordinate.swift; sourceTree = "<group>"; };
		FC82D8311FDE5CBB00DCB22A /* Common.swift */ = {isa = PBXFileReference; fileEncoding = 4; lastKnownFileType = sourcecode.swift; path = Common.swift; sourceTree = "<group>"; };
		FC82D8321FDE5CBB00DCB22A /* Restaurant.swift */ = {isa = PBXFileReference; fileEncoding = 4; lastKnownFileType = sourcecode.swift; path = Restaurant.swift; sourceTree = "<group>"; };
		FC82D8331FDE5CBB00DCB22A /* RestList.swift */ = {isa = PBXFileReference; fileEncoding = 4; lastKnownFileType = sourcecode.swift; path = RestList.swift; sourceTree = "<group>"; };
		FC82D8341FDE5CBC00DCB22A /* History.swift */ = {isa = PBXFileReference; fileEncoding = 4; lastKnownFileType = sourcecode.swift; path = History.swift; sourceTree = "<group>"; };
		FC82D83E1FDE646500DCB22A /* AddToListViewController.swift */ = {isa = PBXFileReference; lastKnownFileType = sourcecode.swift; path = AddToListViewController.swift; sourceTree = "<group>"; };
		FC82D8411FDE6D4400DCB22A /* AddToListTableViewCell.swift */ = {isa = PBXFileReference; lastKnownFileType = sourcecode.swift; path = AddToListTableViewCell.swift; sourceTree = "<group>"; };
		FC82D8431FDF518600DCB22A /* EditRestViewController.swift */ = {isa = PBXFileReference; lastKnownFileType = sourcecode.swift; path = EditRestViewController.swift; sourceTree = "<group>"; };
/* End PBXFileReference section */

/* Begin PBXFrameworksBuildPhase section */
		499313E31FB0E40F0048EE36 /* Frameworks */ = {
			isa = PBXFrameworksBuildPhase;
			buildActionMask = 2147483647;
			files = (
				2ECB0BD5E12FAF9F5075A74F /* Pods_WhatToEat.framework in Frameworks */,
			);
			runOnlyForDeploymentPostprocessing = 0;
		};
/* End PBXFrameworksBuildPhase section */

/* Begin PBXGroup section */
		495652D31FD3F5D500E27833 /* Haneke */ = {
			isa = PBXGroup;
			children = (
				495652D41FD3F5D500E27833 /* Cache.swift */,
				495652D51FD3F5D500E27833 /* CGSize+Swift.swift */,
				495652D61FD3F5D500E27833 /* CryptoSwiftMD5.swift */,
				495652D71FD3F5D500E27833 /* Data.swift */,
				495652D81FD3F5D500E27833 /* DiskCache.swift */,
				495652D91FD3F5D500E27833 /* DiskFetcher.swift */,
				495652DA1FD3F5D500E27833 /* Fetch.swift */,
				495652DB1FD3F5D500E27833 /* Fetcher.swift */,
				495652DC1FD3F5D500E27833 /* Format.swift */,
				495652DD1FD3F5D500E27833 /* Haneke.h */,
				495652DE1FD3F5D500E27833 /* Haneke.swift */,
				495652DF1FD3F5D500E27833 /* Info-iOS.plist */,
				495652E01FD3F5D500E27833 /* Info-tvOS.plist */,
				495652E11FD3F5D500E27833 /* Log.swift */,
				495652E21FD3F5D500E27833 /* NetworkFetcher.swift */,
				495652E31FD3F5D500E27833 /* NSFileManager+Haneke.swift */,
				495652E41FD3F5D500E27833 /* NSHTTPURLResponse+Haneke.swift */,
				495652E51FD3F5D500E27833 /* NSURLResponse+Haneke.swift */,
				495652E61FD3F5D500E27833 /* String+Haneke.swift */,
				495652E71FD3F5D500E27833 /* UIButton+Haneke.swift */,
				495652E81FD3F5D500E27833 /* UIImage+Haneke.swift */,
				495652E91FD3F5D500E27833 /* UIImageView+Haneke.swift */,
				495652EA1FD3F5D500E27833 /* UIView+Haneke.swift */,
			);
			path = Haneke;
			sourceTree = "<group>";
		};
		498C3E391FCF8F7500D1108D /* Frameworks */ = {
			isa = PBXGroup;
			children = (
				495652D31FD3F5D500E27833 /* Haneke */,
			);
			path = Frameworks;
			sourceTree = "<group>";
		};
		498C41F31FD1BFE000D1108D /* object */ = {
			isa = PBXGroup;
			children = (
				FC82D82D1FDE5CBA00DCB22A /* Address.swift */,
				FC82D8311FDE5CBB00DCB22A /* Common.swift */,
				FC82D8301FDE5CBB00DCB22A /* Coordinate.swift */,
				FC82D8341FDE5CBC00DCB22A /* History.swift */,
				FC82D82F1FDE5CBA00DCB22A /* OneEat.swift */,
				FC82D8321FDE5CBB00DCB22A /* Restaurant.swift */,
				FC82D8331FDE5CBB00DCB22A /* RestList.swift */,
				FC82D82C1FDE5CBA00DCB22A /* RestListDAO.swift */,
				FC82D82E1FDE5CBA00DCB22A /* WhatToEatCompleteRestList.swift */,
			);
			path = object;
			sourceTree = "<group>";
		};
		499313DD1FB0E40F0048EE36 = {
			isa = PBXGroup;
			children = (
				499313E81FB0E40F0048EE36 /* WhatToEat */,
				499313E71FB0E40F0048EE36 /* Products */,
				7DAF4B680EBB7C95CC8E5090 /* Pods */,
				53838ADF47E25B938BAF0496 /* Frameworks */,
			);
			sourceTree = "<group>";
		};
		499313E71FB0E40F0048EE36 /* Products */ = {
			isa = PBXGroup;
			children = (
				499313E61FB0E40F0048EE36 /* WhatToEat.app */,
			);
			name = Products;
			sourceTree = "<group>";
		};
		499313E81FB0E40F0048EE36 /* WhatToEat */ = {
			isa = PBXGroup;
			children = (
				498C41F31FD1BFE000D1108D /* object */,
				498C3E391FCF8F7500D1108D /* Frameworks */,
				499313E91FB0E40F0048EE36 /* AppDelegate.swift */,
				49A1F9F81FD91927006DA131 /* AddContainerViewController.swift */,
				49A1F9F61FD8DE70006DA131 /* AddViewController.swift */,
				FC82D83E1FDE646500DCB22A /* AddToListViewController.swift */,
				FC82D8411FDE6D4400DCB22A /* AddToListTableViewCell.swift */,
				499313ED1FB0E40F0048EE36 /* Main.storyboard */,
				FC1CB8B11FDD17E2006B54C1 /* EditListViewController.swift */,
				499313EB1FB0E40F0048EE36 /* ViewController.swift */,
				CCFB0AE81FD4CAE300A0FA23 /* LaunchScreenViewController.swift */,
				CC8641951FD3FB58004D79C5 /* RestaurantTableViewController.swift */,
				49F573031FC6B82700E55E3B /* RestaurantListCell.swift */,
				499313F01FB0E40F0048EE36 /* Assets.xcassets */,
				499313F21FB0E40F0048EE36 /* LaunchScreen.storyboard */,
				499313F51FB0E40F0048EE36 /* Info.plist */,
				498C3D601FCCA5C300D1108D /* MainViewController.swift */,
				498C3D621FCCA64700D1108D /* PreviewListViewController.swift */,
				498C3D641FCE4BF200D1108D /* FoundViewController.swift */,
				498C41D71FD0C64C00D1108D /* FinishViewController.swift */,
				498C3D661FCE58F600D1108D /* SettingTableViewController.swift */,
				498C3D6A1FCF41DE00D1108D /* PingLunFun.swift */,
				498C3D6C1FCF43F500D1108D /* extention.swift */,
				498C40521FCFA20500D1108D /* DisplayView.swift */,
				498C3D6E1FCF48C400D1108D /* MomentData.swift */,
				498C3D681FCF3F4500D1108D /* MomentsViewController.swift */,
				498C3D721FCF4A9A00D1108D /* MomentsTableViewCell.swift */,
				498C3D701FCF493800D1108D /* CommentView.swift */,
				498C3D741FCF4B1900D1108D /* CommentLikeView.swift */,
				498C3D761FCF621A00D1108D /* Menu.swift */,
				49B969101FD54AAA00D9BD27 /* WhatToEat-Bridging-Header.h */,
				49B4FFE51FD9B4EA00FAD007 /* HistoryViewController.swift */,
				DFEECE971FDFAFD300B34B18 /* HistoryTableViewCell.swift */,
				FC82D8161FDE4DEC00DCB22A /* NewMomentViewController.swift */,
				FC82D8431FDF518600DCB22A /* EditRestViewController.swift */,
				FC3EE6A31FE0C339008B0903 /* loginTableViewCell.swift */,
			);
			path = WhatToEat;
			sourceTree = "<group>";
		};
		53838ADF47E25B938BAF0496 /* Frameworks */ = {
			isa = PBXGroup;
			children = (
				49B9690F1FD5484D00D9BD27 /* SystemConfiguration.framework */,
				49B9690D1FD5483200D9BD27 /* libsqlite3.tbd */,
				49B9690C1FD5481600D9BD27 /* ImageIO.framework */,
				49B9690B1FD5480700D9BD27 /* QuartzCore.framework */,
				E53400A814E8486C331654B9 /* Pods_WhatToEat.framework */,
			);
			name = Frameworks;
			sourceTree = "<group>";
		};
		7DAF4B680EBB7C95CC8E5090 /* Pods */ = {
			isa = PBXGroup;
			children = (
				E75E447E18B34E757EBBDBE9 /* Pods-WhatToEat.debug.xcconfig */,
				7FB6E1D473298E72857EAA3B /* Pods-WhatToEat.release.xcconfig */,
			);
			name = Pods;
			sourceTree = "<group>";
		};
/* End PBXGroup section */

/* Begin PBXNativeTarget section */
		499313E51FB0E40F0048EE36 /* WhatToEat */ = {
			isa = PBXNativeTarget;
			buildConfigurationList = 499313F81FB0E40F0048EE36 /* Build configuration list for PBXNativeTarget "WhatToEat" */;
			buildPhases = (
				57905E2FF7969573C94D9C4D /* [CP] Check Pods Manifest.lock */,
				499313E21FB0E40F0048EE36 /* Sources */,
				499313E31FB0E40F0048EE36 /* Frameworks */,
				499313E41FB0E40F0048EE36 /* Resources */,
				2E08040019C78CCE81BC8B62 /* [CP] Embed Pods Frameworks */,
				7C22DC7332DDDB8515E0BE8C /* [CP] Copy Pods Resources */,
			);
			buildRules = (
			);
			dependencies = (
			);
			name = WhatToEat;
			productName = WhatToEat;
			productReference = 499313E61FB0E40F0048EE36 /* WhatToEat.app */;
			productType = "com.apple.product-type.application";
		};
/* End PBXNativeTarget section */

/* Begin PBXProject section */
		499313DE1FB0E40F0048EE36 /* Project object */ = {
			isa = PBXProject;
			attributes = {
				LastSwiftUpdateCheck = 0910;
				LastUpgradeCheck = 0910;
				ORGANIZATIONNAME = "Nestor Qin";
				TargetAttributes = {
					499313E51FB0E40F0048EE36 = {
						CreatedOnToolsVersion = 9.1;
						LastSwiftMigration = 0910;
						ProvisioningStyle = Automatic;
					};
				};
			};
			buildConfigurationList = 499313E11FB0E40F0048EE36 /* Build configuration list for PBXProject "WhatToEat" */;
			compatibilityVersion = "Xcode 8.0";
			developmentRegion = en;
			hasScannedForEncodings = 0;
			knownRegions = (
				en,
				Base,
			);
			mainGroup = 499313DD1FB0E40F0048EE36;
			productRefGroup = 499313E71FB0E40F0048EE36 /* Products */;
			projectDirPath = "";
			projectRoot = "";
			targets = (
				499313E51FB0E40F0048EE36 /* WhatToEat */,
			);
		};
/* End PBXProject section */

/* Begin PBXResourcesBuildPhase section */
		499313E41FB0E40F0048EE36 /* Resources */ = {
			isa = PBXResourcesBuildPhase;
			buildActionMask = 2147483647;
			files = (
				495652F61FD3F5D500E27833 /* Info-tvOS.plist in Resources */,
				495652F51FD3F5D500E27833 /* Info-iOS.plist in Resources */,
				499313F41FB0E40F0048EE36 /* LaunchScreen.storyboard in Resources */,
				499313F11FB0E40F0048EE36 /* Assets.xcassets in Resources */,
				499313EF1FB0E40F0048EE36 /* Main.storyboard in Resources */,
			);
			runOnlyForDeploymentPostprocessing = 0;
		};
/* End PBXResourcesBuildPhase section */

/* Begin PBXShellScriptBuildPhase section */
		2E08040019C78CCE81BC8B62 /* [CP] Embed Pods Frameworks */ = {
			isa = PBXShellScriptBuildPhase;
			buildActionMask = 2147483647;
			files = (
			);
			inputPaths = (
				"${SRCROOT}/Pods/Target Support Files/Pods-WhatToEat/Pods-WhatToEat-frameworks.sh",
				"${BUILT_PRODUCTS_DIR}/Bolts/Bolts.framework",
				"${BUILT_PRODUCTS_DIR}/FBSDKCoreKit/FBSDKCoreKit.framework",
				"${BUILT_PRODUCTS_DIR}/FBSDKLoginKit/FBSDKLoginKit.framework",
				"${BUILT_PRODUCTS_DIR}/FBSDKShareKit/FBSDKShareKit.framework",
				"${BUILT_PRODUCTS_DIR}/FacebookCore/FacebookCore.framework",
				"${BUILT_PRODUCTS_DIR}/FacebookLogin/FacebookLogin.framework",
				"${BUILT_PRODUCTS_DIR}/FacebookShare/FacebookShare.framework",
				"${BUILT_PRODUCTS_DIR}/NVActivityIndicatorView/NVActivityIndicatorView.framework",
				"${BUILT_PRODUCTS_DIR}/Socket.IO-Client-Swift/SocketIO.framework",
				"${BUILT_PRODUCTS_DIR}/Starscream/Starscream.framework",
			);
			name = "[CP] Embed Pods Frameworks";
			outputPaths = (
				"${TARGET_BUILD_DIR}/${FRAMEWORKS_FOLDER_PATH}/Bolts.framework",
				"${TARGET_BUILD_DIR}/${FRAMEWORKS_FOLDER_PATH}/FBSDKCoreKit.framework",
				"${TARGET_BUILD_DIR}/${FRAMEWORKS_FOLDER_PATH}/FBSDKLoginKit.framework",
				"${TARGET_BUILD_DIR}/${FRAMEWORKS_FOLDER_PATH}/FBSDKShareKit.framework",
				"${TARGET_BUILD_DIR}/${FRAMEWORKS_FOLDER_PATH}/FacebookCore.framework",
				"${TARGET_BUILD_DIR}/${FRAMEWORKS_FOLDER_PATH}/FacebookLogin.framework",
				"${TARGET_BUILD_DIR}/${FRAMEWORKS_FOLDER_PATH}/FacebookShare.framework",
				"${TARGET_BUILD_DIR}/${FRAMEWORKS_FOLDER_PATH}/NVActivityIndicatorView.framework",
				"${TARGET_BUILD_DIR}/${FRAMEWORKS_FOLDER_PATH}/SocketIO.framework",
				"${TARGET_BUILD_DIR}/${FRAMEWORKS_FOLDER_PATH}/Starscream.framework",
			);
			runOnlyForDeploymentPostprocessing = 0;
			shellPath = /bin/sh;
			shellScript = "\"${SRCROOT}/Pods/Target Support Files/Pods-WhatToEat/Pods-WhatToEat-frameworks.sh\"\n";
			showEnvVarsInLog = 0;
		};
		57905E2FF7969573C94D9C4D /* [CP] Check Pods Manifest.lock */ = {
			isa = PBXShellScriptBuildPhase;
			buildActionMask = 2147483647;
			files = (
			);
			inputPaths = (
				"${PODS_PODFILE_DIR_PATH}/Podfile.lock",
				"${PODS_ROOT}/Manifest.lock",
			);
			name = "[CP] Check Pods Manifest.lock";
			outputPaths = (
				"$(DERIVED_FILE_DIR)/Pods-WhatToEat-checkManifestLockResult.txt",
			);
			runOnlyForDeploymentPostprocessing = 0;
			shellPath = /bin/sh;
			shellScript = "diff \"${PODS_PODFILE_DIR_PATH}/Podfile.lock\" \"${PODS_ROOT}/Manifest.lock\" > /dev/null\nif [ $? != 0 ] ; then\n    # print error to STDERR\n    echo \"error: The sandbox is not in sync with the Podfile.lock. Run 'pod install' or update your CocoaPods installation.\" >&2\n    exit 1\nfi\n# This output is used by Xcode 'outputs' to avoid re-running this script phase.\necho \"SUCCESS\" > \"${SCRIPT_OUTPUT_FILE_0}\"\n";
			showEnvVarsInLog = 0;
		};
		7C22DC7332DDDB8515E0BE8C /* [CP] Copy Pods Resources */ = {
			isa = PBXShellScriptBuildPhase;
			buildActionMask = 2147483647;
			files = (
			);
			inputPaths = (
				"${SRCROOT}/Pods/Target Support Files/Pods-WhatToEat/Pods-WhatToEat-resources.sh",
				"${PODS_ROOT}/TwitterKit/iOS/TwitterKit.framework/TwitterKitResources.bundle",
				"${PODS_ROOT}/TwitterKit/iOS/TwitterKit.framework/TwitterShareExtensionUIResources.bundle",
				"${PODS_ROOT}/Weibo_SDK/libWeiboSDK/WeiboSDK.bundle",
			);
			name = "[CP] Copy Pods Resources";
			outputPaths = (
				"${TARGET_BUILD_DIR}/${UNLOCALIZED_RESOURCES_FOLDER_PATH}",
			);
			runOnlyForDeploymentPostprocessing = 0;
			shellPath = /bin/sh;
			shellScript = "\"${SRCROOT}/Pods/Target Support Files/Pods-WhatToEat/Pods-WhatToEat-resources.sh\"\n";
			showEnvVarsInLog = 0;
		};
/* End PBXShellScriptBuildPhase section */

/* Begin PBXSourcesBuildPhase section */
		499313E21FB0E40F0048EE36 /* Sources */ = {
			isa = PBXSourcesBuildPhase;
			buildActionMask = 2147483647;
			files = (
				495652EB1FD3F5D500E27833 /* Cache.swift in Sources */,
				FC82D83F1FDE646500DCB22A /* AddToListViewController.swift in Sources */,
				495652FB1FD3F5D500E27833 /* NSURLResponse+Haneke.swift in Sources */,
				495652F71FD3F5D500E27833 /* Log.swift in Sources */,
				FC82D8351FDE5CBC00DCB22A /* RestListDAO.swift in Sources */,
				495652EC1FD3F5D500E27833 /* CGSize+Swift.swift in Sources */,
				495652FD1FD3F5D500E27833 /* UIButton+Haneke.swift in Sources */,
				FC82D8421FDE6D4400DCB22A /* AddToListTableViewCell.swift in Sources */,
				495652F01FD3F5D500E27833 /* DiskFetcher.swift in Sources */,
				495652FF1FD3F5D500E27833 /* UIImageView+Haneke.swift in Sources */,
				495652EF1FD3F5D500E27833 /* DiskCache.swift in Sources */,
				49A1F9F91FD91927006DA131 /* AddContainerViewController.swift in Sources */,
				498C3D751FCF4B1900D1108D /* CommentLikeView.swift in Sources */,
				498C3D6D1FCF43F500D1108D /* extention.swift in Sources */,
				498C3D711FCF493800D1108D /* CommentView.swift in Sources */,
				DFEECE981FDFAFD300B34B18 /* HistoryTableViewCell.swift in Sources */,
				498C3D6F1FCF48C400D1108D /* MomentData.swift in Sources */,
				FC82D83B1FDE5CBC00DCB22A /* Restaurant.swift in Sources */,
				498C3D771FCF621A00D1108D /* Menu.swift in Sources */,
				FC82D8441FDF518600DCB22A /* EditRestViewController.swift in Sources */,
				49F573041FC6B82700E55E3B /* RestaurantListCell.swift in Sources */,
				FC82D8361FDE5CBC00DCB22A /* Address.swift in Sources */,
				495652F91FD3F5D500E27833 /* NSFileManager+Haneke.swift in Sources */,
				FC3EE6A41FE0C339008B0903 /* loginTableViewCell.swift in Sources */,
				495652FA1FD3F5D500E27833 /* NSHTTPURLResponse+Haneke.swift in Sources */,
				FC82D8381FDE5CBC00DCB22A /* OneEat.swift in Sources */,
				499313EC1FB0E40F0048EE36 /* ViewController.swift in Sources */,
				495652FC1FD3F5D500E27833 /* String+Haneke.swift in Sources */,
				FC82D83D1FDE5CBC00DCB22A /* History.swift in Sources */,
				498C3D671FCE58F600D1108D /* SettingTableViewController.swift in Sources */,
				495652ED1FD3F5D500E27833 /* CryptoSwiftMD5.swift in Sources */,
				495652FE1FD3F5D500E27833 /* UIImage+Haneke.swift in Sources */,
				499313EA1FB0E40F0048EE36 /* AppDelegate.swift in Sources */,
				495652F11FD3F5D500E27833 /* Fetch.swift in Sources */,
				495652F41FD3F5D500E27833 /* Haneke.swift in Sources */,
				FC82D8391FDE5CBC00DCB22A /* Coordinate.swift in Sources */,
				498C3D611FCCA5C300D1108D /* MainViewController.swift in Sources */,
				498C3D731FCF4A9A00D1108D /* MomentsTableViewCell.swift in Sources */,
				495652F81FD3F5D500E27833 /* NetworkFetcher.swift in Sources */,
				FC82D8371FDE5CBC00DCB22A /* WhatToEatCompleteRestList.swift in Sources */,
				498C3D631FCCA64700D1108D /* PreviewListViewController.swift in Sources */,
				495652F21FD3F5D500E27833 /* Fetcher.swift in Sources */,
				498C3D6B1FCF41DE00D1108D /* PingLunFun.swift in Sources */,
				495652EE1FD3F5D500E27833 /* Data.swift in Sources */,
				495653001FD3F5D500E27833 /* UIView+Haneke.swift in Sources */,
				FC82D83A1FDE5CBC00DCB22A /* Common.swift in Sources */,
				FC82D8171FDE4DEC00DCB22A /* NewMomentViewController.swift in Sources */,
				49B4FFE61FD9B4EA00FAD007 /* HistoryViewController.swift in Sources */,
				498C3D691FCF3F4600D1108D /* MomentsViewController.swift in Sources */,
				49A1F9F71FD8DE70006DA131 /* AddViewController.swift in Sources */,
				CC8641961FD3FB58004D79C5 /* RestaurantTableViewController.swift in Sources */,
				498C3D651FCE4BF200D1108D /* FoundViewController.swift in Sources */,
				495652F31FD3F5D500E27833 /* Format.swift in Sources */,
				FC82D83C1FDE5CBC00DCB22A /* RestList.swift in Sources */,
				498C40531FCFA20500D1108D /* DisplayView.swift in Sources */,
				CCFB0AE91FD4CAE300A0FA23 /* LaunchScreenViewController.swift in Sources */,
				FC1CB8B21FDD17E2006B54C1 /* EditListViewController.swift in Sources */,
				498C41D81FD0C64C00D1108D /* FinishViewController.swift in Sources */,
			);
			runOnlyForDeploymentPostprocessing = 0;
		};
/* End PBXSourcesBuildPhase section */

/* Begin PBXVariantGroup section */
		499313ED1FB0E40F0048EE36 /* Main.storyboard */ = {
			isa = PBXVariantGroup;
			children = (
				499313EE1FB0E40F0048EE36 /* Base */,
			);
			name = Main.storyboard;
			sourceTree = "<group>";
		};
		499313F21FB0E40F0048EE36 /* LaunchScreen.storyboard */ = {
			isa = PBXVariantGroup;
			children = (
				499313F31FB0E40F0048EE36 /* Base */,
			);
			name = LaunchScreen.storyboard;
			sourceTree = "<group>";
		};
/* End PBXVariantGroup section */

/* Begin XCBuildConfiguration section */
		499313F61FB0E40F0048EE36 /* Debug */ = {
			isa = XCBuildConfiguration;
			buildSettings = {
				ALWAYS_SEARCH_USER_PATHS = NO;
				CLANG_ANALYZER_NONNULL = YES;
				CLANG_ANALYZER_NUMBER_OBJECT_CONVERSION = YES_AGGRESSIVE;
				CLANG_CXX_LANGUAGE_STANDARD = "gnu++14";
				CLANG_CXX_LIBRARY = "libc++";
				CLANG_ENABLE_MODULES = YES;
				CLANG_ENABLE_OBJC_ARC = YES;
				CLANG_WARN_BLOCK_CAPTURE_AUTORELEASING = YES;
				CLANG_WARN_BOOL_CONVERSION = YES;
				CLANG_WARN_COMMA = YES;
				CLANG_WARN_CONSTANT_CONVERSION = YES;
				CLANG_WARN_DIRECT_OBJC_ISA_USAGE = YES_ERROR;
				CLANG_WARN_DOCUMENTATION_COMMENTS = YES;
				CLANG_WARN_EMPTY_BODY = YES;
				CLANG_WARN_ENUM_CONVERSION = YES;
				CLANG_WARN_INFINITE_RECURSION = YES;
				CLANG_WARN_INT_CONVERSION = YES;
				CLANG_WARN_NON_LITERAL_NULL_CONVERSION = YES;
				CLANG_WARN_OBJC_LITERAL_CONVERSION = YES;
				CLANG_WARN_OBJC_ROOT_CLASS = YES_ERROR;
				CLANG_WARN_RANGE_LOOP_ANALYSIS = YES;
				CLANG_WARN_STRICT_PROTOTYPES = YES;
				CLANG_WARN_SUSPICIOUS_MOVE = YES;
				CLANG_WARN_UNGUARDED_AVAILABILITY = YES_AGGRESSIVE;
				CLANG_WARN_UNREACHABLE_CODE = YES;
				CLANG_WARN__DUPLICATE_METHOD_MATCH = YES;
				CODE_SIGN_IDENTITY = "iPhone Developer";
				COPY_PHASE_STRIP = NO;
				DEBUG_INFORMATION_FORMAT = dwarf;
				ENABLE_STRICT_OBJC_MSGSEND = YES;
				ENABLE_TESTABILITY = YES;
				GCC_C_LANGUAGE_STANDARD = gnu11;
				GCC_DYNAMIC_NO_PIC = NO;
				GCC_NO_COMMON_BLOCKS = YES;
				GCC_OPTIMIZATION_LEVEL = 0;
				GCC_PREPROCESSOR_DEFINITIONS = (
					"DEBUG=1",
					"$(inherited)",
				);
				GCC_WARN_64_TO_32_BIT_CONVERSION = YES;
				GCC_WARN_ABOUT_RETURN_TYPE = YES_ERROR;
				GCC_WARN_UNDECLARED_SELECTOR = YES;
				GCC_WARN_UNINITIALIZED_AUTOS = YES_AGGRESSIVE;
				GCC_WARN_UNUSED_FUNCTION = YES;
				GCC_WARN_UNUSED_VARIABLE = YES;
				IPHONEOS_DEPLOYMENT_TARGET = 11.1;
				MTL_ENABLE_DEBUG_INFO = YES;
				ONLY_ACTIVE_ARCH = YES;
				SDKROOT = iphoneos;
				SWIFT_ACTIVE_COMPILATION_CONDITIONS = DEBUG;
				SWIFT_OPTIMIZATION_LEVEL = "-Onone";
			};
			name = Debug;
		};
		499313F71FB0E40F0048EE36 /* Release */ = {
			isa = XCBuildConfiguration;
			buildSettings = {
				ALWAYS_SEARCH_USER_PATHS = NO;
				CLANG_ANALYZER_NONNULL = YES;
				CLANG_ANALYZER_NUMBER_OBJECT_CONVERSION = YES_AGGRESSIVE;
				CLANG_CXX_LANGUAGE_STANDARD = "gnu++14";
				CLANG_CXX_LIBRARY = "libc++";
				CLANG_ENABLE_MODULES = YES;
				CLANG_ENABLE_OBJC_ARC = YES;
				CLANG_WARN_BLOCK_CAPTURE_AUTORELEASING = YES;
				CLANG_WARN_BOOL_CONVERSION = YES;
				CLANG_WARN_COMMA = YES;
				CLANG_WARN_CONSTANT_CONVERSION = YES;
				CLANG_WARN_DIRECT_OBJC_ISA_USAGE = YES_ERROR;
				CLANG_WARN_DOCUMENTATION_COMMENTS = YES;
				CLANG_WARN_EMPTY_BODY = YES;
				CLANG_WARN_ENUM_CONVERSION = YES;
				CLANG_WARN_INFINITE_RECURSION = YES;
				CLANG_WARN_INT_CONVERSION = YES;
				CLANG_WARN_NON_LITERAL_NULL_CONVERSION = YES;
				CLANG_WARN_OBJC_LITERAL_CONVERSION = YES;
				CLANG_WARN_OBJC_ROOT_CLASS = YES_ERROR;
				CLANG_WARN_RANGE_LOOP_ANALYSIS = YES;
				CLANG_WARN_STRICT_PROTOTYPES = YES;
				CLANG_WARN_SUSPICIOUS_MOVE = YES;
				CLANG_WARN_UNGUARDED_AVAILABILITY = YES_AGGRESSIVE;
				CLANG_WARN_UNREACHABLE_CODE = YES;
				CLANG_WARN__DUPLICATE_METHOD_MATCH = YES;
				CODE_SIGN_IDENTITY = "iPhone Developer";
				COPY_PHASE_STRIP = NO;
				DEBUG_INFORMATION_FORMAT = "dwarf-with-dsym";
				ENABLE_NS_ASSERTIONS = NO;
				ENABLE_STRICT_OBJC_MSGSEND = YES;
				GCC_C_LANGUAGE_STANDARD = gnu11;
				GCC_NO_COMMON_BLOCKS = YES;
				GCC_WARN_64_TO_32_BIT_CONVERSION = YES;
				GCC_WARN_ABOUT_RETURN_TYPE = YES_ERROR;
				GCC_WARN_UNDECLARED_SELECTOR = YES;
				GCC_WARN_UNINITIALIZED_AUTOS = YES_AGGRESSIVE;
				GCC_WARN_UNUSED_FUNCTION = YES;
				GCC_WARN_UNUSED_VARIABLE = YES;
				IPHONEOS_DEPLOYMENT_TARGET = 11.1;
				MTL_ENABLE_DEBUG_INFO = NO;
				SDKROOT = iphoneos;
				SWIFT_OPTIMIZATION_LEVEL = "-Owholemodule";
				VALIDATE_PRODUCT = YES;
			};
			name = Release;
		};
		499313F91FB0E40F0048EE36 /* Debug */ = {
			isa = XCBuildConfiguration;
			baseConfigurationReference = E75E447E18B34E757EBBDBE9 /* Pods-WhatToEat.debug.xcconfig */;
			buildSettings = {
				ASSETCATALOG_COMPILER_APPICON_NAME = AppIcon;
				CLANG_ENABLE_MODULES = YES;
				"CODE_SIGN_IDENTITY[sdk=iphoneos*]" = "iPhone Developer";
				CODE_SIGN_STYLE = Automatic;
				DEVELOPMENT_TEAM = N5VTJF23RJ;
				INFOPLIST_FILE = WhatToEat/Info.plist;
				LD_RUNPATH_SEARCH_PATHS = "$(inherited) @executable_path/Frameworks";
				PRODUCT_BUNDLE_IDENTIFIER = edu.uw.wlan.WhatToEat;
				PRODUCT_NAME = "$(TARGET_NAME)";
				PROVISIONING_PROFILE_SPECIFIER = "";
				SWIFT_OBJC_BRIDGING_HEADER = "WhatToEat/WhatToEat-Bridging-Header.h";
				SWIFT_OPTIMIZATION_LEVEL = "-Onone";
				SWIFT_VERSION = 4.0;
				TARGETED_DEVICE_FAMILY = "1,2";
			};
			name = Debug;
		};
		499313FA1FB0E40F0048EE36 /* Release */ = {
			isa = XCBuildConfiguration;
			baseConfigurationReference = 7FB6E1D473298E72857EAA3B /* Pods-WhatToEat.release.xcconfig */;
			buildSettings = {
				ASSETCATALOG_COMPILER_APPICON_NAME = AppIcon;
				CLANG_ENABLE_MODULES = YES;
				"CODE_SIGN_IDENTITY[sdk=iphoneos*]" = "iPhone Developer";
				CODE_SIGN_STYLE = Automatic;
				DEVELOPMENT_TEAM = N5VTJF23RJ;
				INFOPLIST_FILE = WhatToEat/Info.plist;
				LD_RUNPATH_SEARCH_PATHS = "$(inherited) @executable_path/Frameworks";
				PRODUCT_BUNDLE_IDENTIFIER = edu.uw.wlan.WhatToEat;
				PRODUCT_NAME = "$(TARGET_NAME)";
				PROVISIONING_PROFILE_SPECIFIER = "";
				SWIFT_OBJC_BRIDGING_HEADER = "WhatToEat/WhatToEat-Bridging-Header.h";
				SWIFT_VERSION = 4.0;
				TARGETED_DEVICE_FAMILY = "1,2";
			};
			name = Release;
		};
/* End XCBuildConfiguration section */

/* Begin XCConfigurationList section */
		499313E11FB0E40F0048EE36 /* Build configuration list for PBXProject "WhatToEat" */ = {
			isa = XCConfigurationList;
			buildConfigurations = (
				499313F61FB0E40F0048EE36 /* Debug */,
				499313F71FB0E40F0048EE36 /* Release */,
			);
			defaultConfigurationIsVisible = 0;
			defaultConfigurationName = Release;
		};
		499313F81FB0E40F0048EE36 /* Build configuration list for PBXNativeTarget "WhatToEat" */ = {
			isa = XCConfigurationList;
			buildConfigurations = (
				499313F91FB0E40F0048EE36 /* Debug */,
				499313FA1FB0E40F0048EE36 /* Release */,
			);
			defaultConfigurationIsVisible = 0;
			defaultConfigurationName = Release;
		};
/* End XCConfigurationList section */
	};
	rootObject = 499313DE1FB0E40F0048EE36 /* Project object */;
}
